schema: '2.0'
stages:
  data_ingestion:
    cmd: python src/cnnClassifier/pipeline/stage_01_data_ingestion.py
    deps:
    - path: config/config.yaml
      hash: md5
      md5: 44d7473e761a2cc9b8a6fad26ea50f3d
      size: 667
    - path: src/cnnClassifier/pipeline/stage_01_data_ingestion.py
      hash: md5
      md5: 80bf4498f65a358cb425ddbbb2f8683a
      size: 880
    outs:
    - path: artifacts/data_ingestion/CT-KIDNEY-DATASET-Normal-Cyst-Tumor-Stone
      hash: md5
      md5: ff43d72284506bc8d274d68464f7df39.dir
      size: 880135803
      nfiles: 6455
  prepare_base_model:
    cmd: python src/cnnClassifier/pipeline/stage_02_prepare_base_model.py
    deps:
    - path: config/config.yaml
      hash: md5
      md5: 44d7473e761a2cc9b8a6fad26ea50f3d
      size: 667
    - path: src/cnnClassifier/pipeline/stage_02_prepare_base_model.py
      hash: md5
      md5: 5349f569126bbaba6b7f6d79bf86776e
      size: 969
    params:
      params.yaml:
        CLASSES: 2
        IMAGE_SIZE:
        - 224
        - 224
        - 3
        INCLUDE_TOP: false
        LEARNING_RATE: 0.01
        WEIGHTS: imagenet
    outs:
    - path: artifacts/prepare_base_model
      hash: md5
      md5: 6837fcd72559d07deda38b71871d98c9.dir
      size: 118038272
      nfiles: 2
